PODS:
  - Alamofire (4.9.1)
  - Kingfisher/Core (5.13.2)
  - Kingfisher/SwiftUI (5.13.2):
    - Kingfisher/Core

DEPENDENCIES:
  - Alamofire
  - Kingfisher/SwiftUI

SPEC REPOS:
  trunk:
    - Alamofire
    - Kingfisher

SPEC CHECKSUMS:
  Alamofire: 85e8a02c69d6020a0d734f6054870d7ecb75cf18
  Kingfisher: d342c8354c10c3d85a27d6d4c42c41285924b898

PODFILE CHECKSUM: eda537bb4098f92754d6d3b8a4573573e3d16d37

COCOAPODS: 1.8.4
